# This file is @generated by PDM.
# It is not intended for manual editing.

[[package]]
name = "asgiref"
version = "3.5.2"
requires_python = ">=3.7"
summary = "ASGI specs, helper code, and adapters"

[[package]]
name = "async-timeout"
version = "4.0.2"
requires_python = ">=3.6"
summary = "Timeout context manager for asyncio programs"

[[package]]
name = "certifi"
version = "2022.12.7"
requires_python = ">=3.6"
summary = "Python package for providing Mozilla's CA Bundle."

[[package]]
name = "charset-normalizer"
version = "2.1.1"
requires_python = ">=3.6.0"
summary = "The Real First Universal Charset Detector. Open, modern and actively maintained alternative to Chardet."

[[package]]
name = "colorama"
version = "0.4.5"
requires_python = ">=2.7, !=3.0.*, !=3.1.*, !=3.2.*, !=3.3.*, !=3.4.*"
summary = "Cross-platform colored terminal text."

[[package]]
name = "dj-database-url"
version = "1.2.0"
summary = "Use Database URLs in your Django Application."
dependencies = [
    "Django>=3.2",
]

[[package]]
name = "django"
version = "4.1.7"
requires_python = ">=3.8"
summary = "A high-level Python web framework that encourages rapid development and clean, pragmatic design."
dependencies = [
    "asgiref<4,>=3.5.2",
    "sqlparse>=0.2.2",
    "tzdata; sys_platform == \"win32\"",
]

[[package]]
name = "django-dramatiq"
version = "0.11.2"
requires_python = ">=3.7"
summary = "A Django app for Dramatiq."
dependencies = [
    "django>=2.2",
    "dramatiq>=1.11",
]

[[package]]
name = "django-easy-logging"
version = "0.60"
requires_python = ">=3.7"
summary = "Easy Django logging with Loguru"
dependencies = [
    "loguru>=0.6.0",
]

[[package]]
name = "django-timezone-field"
version = "5.0"
requires_python = ">=3.7,<4.0"
summary = "A Django app providing DB, form, and REST framework fields for zoneinfo and pytz timezone objects."
dependencies = [
    "pytz",
]

[[package]]
name = "dramatiq"
version = "1.13.0"
requires_python = ">=3.6"
summary = "Background Processing for Python 3."
dependencies = [
    "prometheus-client>=0.2",
]

[[package]]
name = "gunicorn"
version = "20.1.0"
requires_python = ">=3.5"
summary = "WSGI HTTP Server for UNIX"
dependencies = [
    "setuptools>=3.0",
]

[[package]]
name = "idna"
version = "3.4"
requires_python = ">=3.5"
summary = "Internationalized Domain Names in Applications (IDNA)"

[[package]]
name = "loguru"
version = "0.6.0"
requires_python = ">=3.5"
summary = "Python logging made (stupidly) simple"
dependencies = [
    "colorama>=0.3.4; sys_platform == \"win32\"",
    "win32-setctime>=1.0.0; sys_platform == \"win32\"",
]

[[package]]
name = "pendulum"
version = "2.1.2"
requires_python = ">=2.7, !=3.0.*, !=3.1.*, !=3.2.*, !=3.3.*, !=3.4.*"
summary = "Python datetimes made easy"
dependencies = [
    "python-dateutil<3.0,>=2.6",
    "pytzdata>=2020.1",
]

[[package]]
name = "prometheus-client"
version = "0.14.1"
requires_python = ">=3.6"
summary = "Python client for the Prometheus monitoring system."

[[package]]
name = "psycopg2-binary"
version = "2.9.5"
requires_python = ">=3.6"
summary = "psycopg2 - Python-PostgreSQL Database Adapter"

[[package]]
name = "pyjwt"
version = "2.6.0"
requires_python = ">=3.7"
summary = "JSON Web Token implementation in Python"

[[package]]
name = "python-dateutil"
version = "2.8.2"
requires_python = "!=3.0.*,!=3.1.*,!=3.2.*,>=2.7"
summary = "Extensions to the standard Python datetime module"
dependencies = [
    "six>=1.5",
]

[[package]]
name = "pytz"
version = "2022.2.1"
summary = "World timezone definitions, modern and historical"

[[package]]
name = "pytzdata"
version = "2020.1"
requires_python = ">=2.7, !=3.0.*, !=3.1.*, !=3.2.*, !=3.3.*"
summary = "The Olson timezone database for Python."

[[package]]
name = "redis"
version = "4.5.1"
requires_python = ">=3.7"
summary = "Python client for Redis database and key-value store"
dependencies = [
    "async-timeout>=4.0.2",
]

[[package]]
name = "requests"
version = "2.28.1"
requires_python = ">=3.7, <4"
summary = "Python HTTP for Humans."
dependencies = [
    "certifi>=2017.4.17",
    "charset-normalizer<3,>=2",
    "idna<4,>=2.5",
    "urllib3<1.27,>=1.21.1",
]

[[package]]
name = "schedule"
version = "1.1.0"
requires_python = ">=3.6"
summary = "Job scheduling for humans."

[[package]]
name = "sentry-sdk"
version = "1.16.0"
summary = "Python client for Sentry (https://sentry.io)"
dependencies = [
    "certifi",
    "urllib3>=1.26.11; python_version >= \"3.6\"",
]

[[package]]
name = "setuptools"
version = "65.6.3"
requires_python = ">=3.7"
summary = "Easily download, build, install, upgrade, and uninstall Python packages"

[[package]]
name = "six"
version = "1.16.0"
requires_python = ">=2.7, !=3.0.*, !=3.1.*, !=3.2.*"
summary = "Python 2 and 3 compatibility utilities"

[[package]]
name = "sqlparse"
version = "0.4.2"
requires_python = ">=3.5"
summary = "A non-validating SQL parser."

[[package]]
name = "stripe"
version = "5.2.0"
requires_python = ">=2.7, !=3.0.*, !=3.1.*, !=3.2.*, !=3.3.*"
summary = "Python bindings for the Stripe API"
dependencies = [
    "requests>=2.20; python_version >= \"3.0\"",
]

[[package]]
name = "tzdata"
version = "2022.2"
requires_python = ">=2"
summary = "Provider of IANA time zone data"

[[package]]
name = "urllib3"
version = "1.26.13"
requires_python = ">=2.7, !=3.0.*, !=3.1.*, !=3.2.*, !=3.3.*, !=3.4.*, !=3.5.*"
summary = "HTTP library with thread-safe connection pooling, file post, and more."

[[package]]
name = "whitenoise"
version = "6.4.0"
requires_python = ">=3.7"
summary = "Radically simplified static file serving for WSGI applications"

[[package]]
name = "win32-setctime"
version = "1.1.0"
requires_python = ">=3.5"
summary = "A small Python utility to set file creation time on Windows"

[metadata]
lock_version = "4.1"
content_hash = "sha256:58920d54176c9f11ccdb7ab22807a02063d04e39d457072e54b3c655c7b90294"

[metadata.files]
"asgiref 3.5.2" = [
    {url = "https://files.pythonhosted.org/packages/1f/35/e7d59b92ceffb1dc62c65156278de378670b46ab2364a3ea7216fe194ba3/asgiref-3.5.2.tar.gz", hash = "sha256:4a29362a6acebe09bf1d6640db38c1dc3d9217c68e6f9f6204d72667fc19a424"},
    {url = "https://files.pythonhosted.org/packages/af/6d/ea3a5c3027c3f14b0321cd4f7e594c776ebe64e4b927432ca6917512a4f7/asgiref-3.5.2-py3-none-any.whl", hash = "sha256:1d2880b792ae8757289136f1db2b7b99100ce959b2aa57fd69dab783d05afac4"},
]
"async-timeout 4.0.2" = [
    {url = "https://files.pythonhosted.org/packages/54/6e/9678f7b2993537452710ffb1750c62d2c26df438aa621ad5fa9d1507a43a/async-timeout-4.0.2.tar.gz", hash = "sha256:2163e1640ddb52b7a8c80d0a67a08587e5d245cc9c553a74a847056bc2976b15"},
    {url = "https://files.pythonhosted.org/packages/d6/c1/8991e7c5385b897b8c020cdaad718c5b087a6626d1d11a23e1ea87e325a7/async_timeout-4.0.2-py3-none-any.whl", hash = "sha256:8ca1e4fcf50d07413d66d1a5e416e42cfdf5851c981d679a09851a6853383b3c"},
]
"certifi 2022.12.7" = [
    {url = "https://files.pythonhosted.org/packages/37/f7/2b1b0ec44fdc30a3d31dfebe52226be9ddc40cd6c0f34ffc8923ba423b69/certifi-2022.12.7.tar.gz", hash = "sha256:35824b4c3a97115964b408844d64aa14db1cc518f6562e8d7261699d1350a9e3"},
    {url = "https://files.pythonhosted.org/packages/71/4c/3db2b8021bd6f2f0ceb0e088d6b2d49147671f25832fb17970e9b583d742/certifi-2022.12.7-py3-none-any.whl", hash = "sha256:4ad3232f5e926d6718ec31cfc1fcadfde020920e278684144551c91769c7bc18"},
]
"charset-normalizer 2.1.1" = [
    {url = "https://files.pythonhosted.org/packages/a1/34/44964211e5410b051e4b8d2869c470ae8a68ae274953b1c7de6d98bbcf94/charset-normalizer-2.1.1.tar.gz", hash = "sha256:5a3d016c7c547f69d6f81fb0db9449ce888b418b5b9952cc5e6e66843e9dd845"},
    {url = "https://files.pythonhosted.org/packages/db/51/a507c856293ab05cdc1db77ff4bc1268ddd39f29e7dc4919aa497f0adbec/charset_normalizer-2.1.1-py3-none-any.whl", hash = "sha256:83e9a75d1911279afd89352c68b45348559d1fc0506b054b346651b5e7fee29f"},
]
"colorama 0.4.5" = [
    {url = "https://files.pythonhosted.org/packages/2b/65/24d033a9325ce42ccbfa3ca2d0866c7e89cc68e5b9d92ecaba9feef631df/colorama-0.4.5.tar.gz", hash = "sha256:e6c6b4334fc50988a639d9b98aa429a0b57da6e17b9a44f0451f930b6967b7a4"},
    {url = "https://files.pythonhosted.org/packages/77/8b/7550e87b2d308a1b711725dfaddc19c695f8c5fa413c640b2be01662f4e6/colorama-0.4.5-py2.py3-none-any.whl", hash = "sha256:854bf444933e37f5824ae7bfc1e98d5bce2ebe4160d46b5edf346a89358e99da"},
]
"dj-database-url 1.2.0" = [
    {url = "https://files.pythonhosted.org/packages/4f/62/e2786a98fda838f25ce86782810930b54eec2ad87d37950e80c3ce3538b8/dj_database_url-1.2.0-py3-none-any.whl", hash = "sha256:5c2993b91801c0f78a8b19e642b497b90831124cbade0c265900d4c1037b4730"},
    {url = "https://files.pythonhosted.org/packages/c9/3f/c55c0152ca441111af0f969f2d37b99279874ab4f313a3262fed7bf6aaef/dj-database-url-1.2.0.tar.gz", hash = "sha256:b23b15046cb38180e0c95207bcc90fe5e9dbde8eef16065907dd85cf4ca7036c"},
]
"django 4.1.7" = [
    {url = "https://files.pythonhosted.org/packages/89/86/59e237f7176cfc1544446914fa329fd560bb8fce46be52dd7af5dc7c54f9/Django-4.1.7-py3-none-any.whl", hash = "sha256:f2f431e75adc40039ace496ad3b9f17227022e8b11566f4b363da44c7e44761e"},
    {url = "https://files.pythonhosted.org/packages/9f/a7/07939866241b7e8f8d3bf164b7d6ad428163723e29dd472700f8ab0e5fd5/Django-4.1.7.tar.gz", hash = "sha256:44f714b81c5f190d9d2ddad01a532fe502fa01c4cb8faf1d081f4264ed15dcd8"},
]
"django-dramatiq 0.11.2" = [
    {url = "https://files.pythonhosted.org/packages/3b/37/8fdd2de243162c81e04a6d2dc7ee912c3c017c2649ec2471ec10fb4da42c/django_dramatiq-0.11.2-py3-none-any.whl", hash = "sha256:7f9e1d94005c43eaa94a42227189c4cb6de66ab68073625ae077784153819715"},
    {url = "https://files.pythonhosted.org/packages/53/c8/eccbf696f8fe3a585d68573b7985609be0490cfeec75ca5c0dcd1d8e87fc/django_dramatiq-0.11.2.tar.gz", hash = "sha256:65714fc754e87da90db3f86e6163e8c9aa7f53de065f54abf369dbf26b627fbb"},
]
"django-easy-logging 0.60" = [
    {url = "https://files.pythonhosted.org/packages/09/35/ce452ffba02090ba70a1b1ac83f1bcf12c90e64cb302fe30a0a0870884f0/django-easy-logging-0.60.tar.gz", hash = "sha256:e48d539b42f1ecf5653b7e594c35efb0a08fd11256cd507a7f8f8eb83cabb698"},
    {url = "https://files.pythonhosted.org/packages/b7/de/688af1d4a0f1ebb599076a5236d1b9bb380618f18690aff866fbfcfcef99/django_easy_logging-0.60-py3-none-any.whl", hash = "sha256:848488a84d2b3f42a29d718d585a77535e6f36edf7d840fbb66a3bd1e57096e2"},
]
"django-timezone-field 5.0" = [
    {url = "https://files.pythonhosted.org/packages/63/3d/1592fbaadfbb8e9142b11c860cd95ca13a9a944a102a0e2d798ef6647a52/django-timezone-field-5.0.tar.gz", hash = "sha256:15746ed367a5a32eda76cfa2886eeec1de8cda79f519b7c5e12f87ed7cdbd663"},
    {url = "https://files.pythonhosted.org/packages/c9/c0/1d8b814d74d4a001be436138c5b0fca0a3d3bc32454f19e88ada278121df/django_timezone_field-5.0-py3-none-any.whl", hash = "sha256:199f211082eeac7e83563929b8ce41399c1c0f00dfc2f36bc00bea381027eaaa"},
]
"dramatiq 1.13.0" = [
    {url = "https://files.pythonhosted.org/packages/ce/c1/8ef09252138c77642ae09f3494cf7c4afb4a3453ba8bf296b961b95d5d4f/dramatiq-1.13.0.tar.gz", hash = "sha256:b4fe0ca6b55b06bebf82cd14c88044fb267505a57d4aa47378194efa0cef5f47"},
    {url = "https://files.pythonhosted.org/packages/cf/ce/a5faf985a59994a8d4a0ee3bad30ae6093cb27977ccf478a5986b086f8a7/dramatiq-1.13.0-py3-none-any.whl", hash = "sha256:8ef7509ca62bc45c3f1e3b1a0248e9f774337100e32ba1502cfcca15df79ad61"},
]
"gunicorn 20.1.0" = [
    {url = "https://files.pythonhosted.org/packages/28/5b/0d1f0296485a6af03366604142ea8f19f0833894db3512a40ed07b2a56dd/gunicorn-20.1.0.tar.gz", hash = "sha256:e0a968b5ba15f8a328fdfd7ab1fcb5af4470c28aaf7e55df02a99bc13138e6e8"},
    {url = "https://files.pythonhosted.org/packages/e4/dd/5b190393e6066286773a67dfcc2f9492058e9b57c4867a95f1ba5caf0a83/gunicorn-20.1.0-py3-none-any.whl", hash = "sha256:9dcc4547dbb1cb284accfb15ab5667a0e5d1881cc443e0677b4882a4067a807e"},
]
"idna 3.4" = [
    {url = "https://files.pythonhosted.org/packages/8b/e1/43beb3d38dba6cb420cefa297822eac205a277ab43e5ba5d5c46faf96438/idna-3.4.tar.gz", hash = "sha256:814f528e8dead7d329833b91c5faa87d60bf71824cd12a7530b5526063d02cb4"},
    {url = "https://files.pythonhosted.org/packages/fc/34/3030de6f1370931b9dbb4dad48f6ab1015ab1d32447850b9fc94e60097be/idna-3.4-py3-none-any.whl", hash = "sha256:90b77e79eaa3eba6de819a0c442c0b4ceefc341a7a2ab77d7562bf49f425c5c2"},
]
"loguru 0.6.0" = [
    {url = "https://files.pythonhosted.org/packages/75/1f/d3818863e4be96bd641c4643c535a98f0fa2a12efa7c8ba35f763fa778ee/loguru-0.6.0.tar.gz", hash = "sha256:066bd06758d0a513e9836fd9c6b5a75bfb3fd36841f4b996bc60b547a309d41c"},
    {url = "https://files.pythonhosted.org/packages/fe/21/e1d1da2586865a159fc73b611f36bdd50b6c4043cb6132d3d5e972988028/loguru-0.6.0-py3-none-any.whl", hash = "sha256:4e2414d534a2ab57573365b3e6d0234dfb1d84b68b7f3b948e6fb743860a77c3"},
]
"pendulum 2.1.2" = [
    {url = "https://files.pythonhosted.org/packages/2e/fb/32f72dfc7124fa311493607cd5d37438b0f0013bd40b27a44cd5606b35f6/pendulum-2.1.2-cp38-cp38-win_amd64.whl", hash = "sha256:33fb61601083f3eb1d15edeb45274f73c63b3c44a8524703dc143f4212bf3269"},
    {url = "https://files.pythonhosted.org/packages/2f/df/dc70182a5857819210711d17b343391dd2db84d0a8d756797972364608d1/pendulum-2.1.2-cp27-cp27m-win_amd64.whl", hash = "sha256:318f72f62e8e23cd6660dbafe1e346950281a9aed144b5c596b2ddabc1d19739"},
    {url = "https://files.pythonhosted.org/packages/3e/40/bcf73cf69ffc4d68b80b68b5ce4e5f9d8185170e9fac65a73e247e948ff3/pendulum-2.1.2-cp37-cp37m-manylinux1_x86_64.whl", hash = "sha256:1245cd0075a3c6d889f581f6325dd8404aca5884dea7223a5566c38aab94642b"},
    {url = "https://files.pythonhosted.org/packages/3e/f8/f7a2d67c65c6bfd53fbb1abd856c395c22cf991b92ea77a35af88f7e96b2/pendulum-2.1.2-cp38-cp38-macosx_10_15_x86_64.whl", hash = "sha256:f5e236e7730cab1644e1b87aca3d2ff3e375a608542e90fe25685dae46310116"},
    {url = "https://files.pythonhosted.org/packages/48/1c/dbca87b468531618c215bb5c5f438fa98ad9213f50f76bbb14836a7c0d4e/pendulum-2.1.2-cp36-cp36m-manylinux1_i686.whl", hash = "sha256:c807a578a532eeb226150d5006f156632df2cc8c5693d778324b43ff8c515dd0"},
    {url = "https://files.pythonhosted.org/packages/5d/d0/75835105fb4951b5195bbaa3b9797c258bbf9aa211c6f26b26a68ebf6cee/pendulum-2.1.2-cp38-cp38-manylinux1_x86_64.whl", hash = "sha256:7c5ec650cb4bec4c63a89a0242cc8c3cebcec92fcfe937c417ba18277d8560be"},
    {url = "https://files.pythonhosted.org/packages/64/c9/96ebff288bba66c049398404491a3d1abe9446e5501e78aa5473589ebb5e/pendulum-2.1.2-cp37-cp37m-manylinux1_i686.whl", hash = "sha256:4c9c689747f39d0d02a9f94fcee737b34a5773803a64a5fdb046ee9cac7442c5"},
    {url = "https://files.pythonhosted.org/packages/6f/d0/3b9ebd15ae3d4e079d6174ee49b19c113189558d3c5e1e641d03bc4560d2/pendulum-2.1.2-cp36-cp36m-manylinux1_x86_64.whl", hash = "sha256:2d1619a721df661e506eff8db8614016f0720ac171fe80dda1333ee44e684087"},
    {url = "https://files.pythonhosted.org/packages/7d/09/47ce955fbd41b2930430a78c744c903b79e552c54fb38a3283d7640454fd/pendulum-2.1.2-cp36-cp36m-macosx_10_15_x86_64.whl", hash = "sha256:c501749fdd3d6f9e726086bf0cd4437281ed47e7bca132ddb522f86a1645d360"},
    {url = "https://files.pythonhosted.org/packages/8e/4b/b2042f5122a4b3508c736304e38e8b41e2feed9f3d8c08a03d1de10a2a2b/pendulum-2.1.2-cp39-cp39-manylinux1_x86_64.whl", hash = "sha256:94b1fc947bfe38579b28e1cccb36f7e28a15e841f30384b5ad6c5e31055c85d7"},
    {url = "https://files.pythonhosted.org/packages/95/13/e7598039a7c2be1c74538125c035f866189897291f12da029a2a1008dc3e/pendulum-2.1.2-cp27-cp27m-macosx_10_15_x86_64.whl", hash = "sha256:b6c352f4bd32dff1ea7066bd31ad0f71f8d8100b9ff709fb343f3b86cee43efe"},
    {url = "https://files.pythonhosted.org/packages/a2/90/3020eeb52dd3c6c01eb5009304c6947dfb08daf46eb29c3a33a5ea5fbccd/pendulum-2.1.2-cp38-cp38-manylinux1_i686.whl", hash = "sha256:de42ea3e2943171a9e95141f2eecf972480636e8e484ccffaf1e833929e9e052"},
    {url = "https://files.pythonhosted.org/packages/bd/c9/e8ca81966ba87f977ca5fba8822be2e96848d079e5afcc38e538234301a0/pendulum-2.1.2-cp35-cp35m-macosx_10_15_x86_64.whl", hash = "sha256:0731f0c661a3cb779d398803655494893c9f581f6488048b3fb629c2342b5394"},
    {url = "https://files.pythonhosted.org/packages/c0/09/8e7c65e347e71baf8dfd799f03983f22eeb4d591e10e90da026037ddad64/pendulum-2.1.2-cp36-cp36m-win_amd64.whl", hash = "sha256:f888f2d2909a414680a29ae74d0592758f2b9fcdee3549887779cd4055e975db"},
    {url = "https://files.pythonhosted.org/packages/cd/15/3ee08d358a88f9a871b2ef8b25896f9bc6b6fe4d05fb5587c5c9e29950dc/pendulum-2.1.2-cp35-cp35m-win_amd64.whl", hash = "sha256:fb53ffa0085002ddd43b6ca61a7b34f2d4d7c3ed66f931fe599e1a531b42af9b"},
    {url = "https://files.pythonhosted.org/packages/d0/21/284171c69ef27d1173e8997ec73c5551f9491459b48003b64d191a0c7082/pendulum-2.1.2-cp37-cp37m-macosx_10_15_x86_64.whl", hash = "sha256:e95d329384717c7bf627bf27e204bc3b15c8238fa8d9d9781d93712776c14002"},
    {url = "https://files.pythonhosted.org/packages/d4/75/f1faafe184d6fa15a7f983165b2fa495a721ff04a92c08199a9f5399b4d4/pendulum-2.1.2-cp35-cp35m-manylinux1_i686.whl", hash = "sha256:3481fad1dc3f6f6738bd575a951d3c15d4b4ce7c82dce37cf8ac1483fde6e8b0"},
    {url = "https://files.pythonhosted.org/packages/db/15/6e89ae7cde7907118769ed3d2481566d05b5fd362724025198bb95faf599/pendulum-2.1.2.tar.gz", hash = "sha256:b06a0ca1bfe41c990bbf0c029f0b6501a7f2ec4e38bfec730712015e8860f207"},
    {url = "https://files.pythonhosted.org/packages/e2/d9/909cab9450467aeae5aea140ac108624b1aa1d40446050e96f394a95e0ab/pendulum-2.1.2-cp35-cp35m-manylinux1_x86_64.whl", hash = "sha256:9702069c694306297ed362ce7e3c1ef8404ac8ede39f9b28b7c1a7ad8c3959e3"},
    {url = "https://files.pythonhosted.org/packages/e3/30/e695237aa47fda242a1ca7b3bcb75ae0cd9588a2cf94737eb5b0dc4caa8f/pendulum-2.1.2-cp39-cp39-manylinux1_i686.whl", hash = "sha256:29c40a6f2942376185728c9a0347d7c0f07905638c83007e1d262781f1e6953a"},
    {url = "https://files.pythonhosted.org/packages/f6/fa/fcddef6138ced8b676e50f1f7d66ea9081b647810b86d52b29e1a653b9a1/pendulum-2.1.2-cp37-cp37m-win_amd64.whl", hash = "sha256:db0a40d8bcd27b4fb46676e8eb3c732c67a5a5e6bfab8927028224fbced0b40b"},
]
"prometheus-client 0.14.1" = [
    {url = "https://files.pythonhosted.org/packages/19/e5/7d4b4b3b0d8d2fdc55395cdb4271c6dbfde3c3ff7d6a6dbe63d19c4e2288/prometheus_client-0.14.1-py3-none-any.whl", hash = "sha256:522fded625282822a89e2773452f42df14b5a8e84a86433e3f8a189c1d54dc01"},
    {url = "https://files.pythonhosted.org/packages/98/71/2f16cce64055263146eff950affe7b1ab2ff78736ff0d2b5578bc0817e49/prometheus_client-0.14.1.tar.gz", hash = "sha256:5459c427624961076277fdc6dc50540e2bacb98eebde99886e59ec55ed92093a"},
]
"psycopg2-binary 2.9.5" = [
    {url = "https://files.pythonhosted.org/packages/01/87/a44d28350a95edf46a495d389d0438ec4b0ecb6240c9e2493e27c06ebe63/psycopg2_binary-2.9.5-cp37-cp37m-manylinux_2_17_i686.manylinux2014_i686.whl", hash = "sha256:a7e518a0911c50f60313cb9e74a169a65b5d293770db4770ebf004245f24b5c5"},
    {url = "https://files.pythonhosted.org/packages/03/b8/f85694de7d17b37bc4bdc31e8e623b9727c4b7491b1e7b752f2d8b5cc8e0/psycopg2_binary-2.9.5-cp310-cp310-manylinux_2_17_i686.manylinux2014_i686.whl", hash = "sha256:3520d7af1ebc838cc6084a3281145d5cd5bdd43fdef139e6db5af01b92596cb7"},
    {url = "https://files.pythonhosted.org/packages/08/b3/8167d79f86efcda8f64f2c5c40753b080a4af2e05f7508ba346dd3e2374d/psycopg2_binary-2.9.5-cp38-cp38-manylinux_2_17_i686.manylinux2014_i686.whl", hash = "sha256:c15ba5982c177bc4b23a7940c7e4394197e2d6a424a2d282e7c236b66da6d896"},
    {url = "https://files.pythonhosted.org/packages/0b/61/75e609c4eb2bb8b5d901a2fb0edf57add193ecac65492d4800d158fbd935/psycopg2_binary-2.9.5-cp36-cp36m-win32.whl", hash = "sha256:3fc33295cfccad697a97a76dec3f1e94ad848b7b163c3228c1636977966b51e2"},
    {url = "https://files.pythonhosted.org/packages/0e/07/c689d0c42e86da7e055e3298a3854931c38e8332e571e6cdf71cedec4aa3/psycopg2_binary-2.9.5-cp39-cp39-musllinux_1_1_aarch64.whl", hash = "sha256:c5254cbd4f4855e11cebf678c1a848a3042d455a22a4ce61349c36aafd4c2267"},
    {url = "https://files.pythonhosted.org/packages/10/04/c2ed2058a9394bcb099765266c0a6daf7ee099cba18b2c1534ddab14d225/psycopg2_binary-2.9.5-cp37-cp37m-manylinux_2_24_aarch64.whl", hash = "sha256:68d81a2fe184030aa0c5c11e518292e15d342a667184d91e30644c9d533e53e1"},
    {url = "https://files.pythonhosted.org/packages/17/e7/58947b0f3e6f7ed244bbc7831e42fcf1ef582e8a6c13364cb2cdf19724a3/psycopg2_binary-2.9.5-cp310-cp310-musllinux_1_1_ppc64le.whl", hash = "sha256:9e32cedc389bcb76d9f24ea8a012b3cb8385ee362ea437e1d012ffaed106c17d"},
    {url = "https://files.pythonhosted.org/packages/20/06/4581d1d6e35f2290319501708658208be0e57549b03ac733926a722d47d1/psycopg2_binary-2.9.5-cp38-cp38-manylinux_2_17_x86_64.manylinux2014_x86_64.whl", hash = "sha256:dc85b3777068ed30aff8242be2813038a929f2084f69e43ef869daddae50f6ee"},
    {url = "https://files.pythonhosted.org/packages/20/93/8adfb0298109719b9c379b4ff8f19914e6b99222ba2f389618a704dcbe3e/psycopg2_binary-2.9.5-cp38-cp38-macosx_10_15_x86_64.macosx_10_9_intel.macosx_10_9_x86_64.macosx_10_10_intel.macosx_10_10_x86_64.whl", hash = "sha256:043a9fd45a03858ff72364b4b75090679bd875ee44df9c0613dc862ca6b98460"},
    {url = "https://files.pythonhosted.org/packages/25/62/b73e3441e5a291b0ea3559face0ad70ee53b10d20ebe8bf01e48006abd3e/psycopg2_binary-2.9.5-cp310-cp310-manylinux_2_24_ppc64le.whl", hash = "sha256:b9c33d4aef08dfecbd1736ceab8b7b3c4358bf10a0121483e5cd60d3d308cc64"},
    {url = "https://files.pythonhosted.org/packages/26/4d/ca1e5855a9d2f81e806acef14c09e64db1ac2472eb978a494b82acca7d88/psycopg2_binary-2.9.5-cp37-cp37m-musllinux_1_1_aarch64.whl", hash = "sha256:46512486be6fbceef51d7660dec017394ba3e170299d1dc30928cbedebbf103a"},
    {url = "https://files.pythonhosted.org/packages/29/e5/9dc756e4eb496764199ca1fbee235e0b6b935c987922af2243e6e0001d24/psycopg2_binary-2.9.5-cp39-cp39-musllinux_1_1_ppc64le.whl", hash = "sha256:74eddec4537ab1f701a1647214734bc52cee2794df748f6ae5908e00771f180a"},
    {url = "https://files.pythonhosted.org/packages/31/48/e7fe28aca3e2bf3b5fd6f73f681c0be26837b680c815b7cf53b0311a5a28/psycopg2_binary-2.9.5-cp39-cp39-manylinux_2_24_aarch64.whl", hash = "sha256:d4c7b3a31502184e856df1f7bbb2c3735a05a8ce0ade34c5277e1577738a5c91"},
    {url = "https://files.pythonhosted.org/packages/31/a8/7bf56c9a19cab9c1a585a1cdace55529a5a6ecc9950a39dddb2ee8afdde8/psycopg2_binary-2.9.5-cp37-cp37m-win32.whl", hash = "sha256:b8104f709590fff72af801e916817560dbe1698028cd0afe5a52d75ceb1fce5f"},
    {url = "https://files.pythonhosted.org/packages/32/85/8a6dbcf799136e6085e0cfb869babb8e19843df23c405a65840bc22f6dbf/psycopg2_binary-2.9.5-cp311-cp311-win32.whl", hash = "sha256:2abccab84d057723d2ca8f99ff7b619285d40da6814d50366f61f0fc385c3903"},
    {url = "https://files.pythonhosted.org/packages/36/af/a9f06e2469e943364b2383b45b3209b40350c105281948df62153394b4a9/psycopg2_binary-2.9.5-cp311-cp311-manylinux_2_17_x86_64.manylinux2014_x86_64.whl", hash = "sha256:bcda1c84a1c533c528356da5490d464a139b6e84eb77cc0b432e38c5c6dd7882"},
    {url = "https://files.pythonhosted.org/packages/3e/97/d8bda00145b96d79dc9ff6790640e6b1c503c2ccadd76a45fef8dc342b95/psycopg2_binary-2.9.5-cp39-cp39-win_amd64.whl", hash = "sha256:484405b883630f3e74ed32041a87456c5e0e63a8e3429aa93e8714c366d62bd1"},
    {url = "https://files.pythonhosted.org/packages/47/23/1151d74c13e0e434f23b8333dbd308bb95ceb80c9716e065053d82dd6e53/psycopg2_binary-2.9.5-cp38-cp38-win32.whl", hash = "sha256:4e7904d1920c0c89105c0517dc7e3f5c20fb4e56ba9cdef13048db76947f1d79"},
    {url = "https://files.pythonhosted.org/packages/49/32/ef6c511c519ef4e3bd9139b0c597e2de3929452a09e7546bb01c81ddf26f/psycopg2_binary-2.9.5-cp37-cp37m-manylinux_2_24_ppc64le.whl", hash = "sha256:7ee3095d02d6f38bd7d9a5358fcc9ea78fcdb7176921528dd709cc63f40184f5"},
    {url = "https://files.pythonhosted.org/packages/4a/49/ba8b695e63f49e09331347731253909d853dc6e5316740ef7cf0389460d9/psycopg2_binary-2.9.5-cp310-cp310-win32.whl", hash = "sha256:3d790f84201c3698d1bfb404c917f36e40531577a6dda02e45ba29b64d539867"},
    {url = "https://files.pythonhosted.org/packages/4d/c6/247c11fa0c3e06c7fc80ba96a069f1a56d7f3e2db62d95989af76bff97f9/psycopg2_binary-2.9.5-cp36-cp36m-manylinux_2_24_ppc64le.whl", hash = "sha256:f95b8aca2703d6a30249f83f4fe6a9abf2e627aa892a5caaab2267d56be7ab69"},
    {url = "https://files.pythonhosted.org/packages/50/2f/0bc8285835125172ef65e44f1e4bc4d522825b4bf105ad57b5015a2403fe/psycopg2_binary-2.9.5-cp38-cp38-musllinux_1_1_ppc64le.whl", hash = "sha256:7d88db096fa19d94f433420eaaf9f3c45382da2dd014b93e4bf3215639047c16"},
    {url = "https://files.pythonhosted.org/packages/50/62/193359ad019399543c9a72430cf00aa2a4a55d7d2cafcd67dccd6590c904/psycopg2_binary-2.9.5-cp36-cp36m-musllinux_1_1_i686.whl", hash = "sha256:dbc332beaf8492b5731229a881807cd7b91b50dbbbaf7fe2faf46942eda64a24"},
    {url = "https://files.pythonhosted.org/packages/50/73/99f7ac34e01fcfc546c9be825e22fdebd1a5eba2bc18a2d1d38442471bce/psycopg2_binary-2.9.5-cp37-cp37m-musllinux_1_1_ppc64le.whl", hash = "sha256:422e3d43b47ac20141bc84b3d342eead8d8099a62881a501e97d15f6addabfe9"},
    {url = "https://files.pythonhosted.org/packages/53/4f/8216992bcb530c6e599f8276a27b87b5cbbc06423e68eb2668413481214c/psycopg2_binary-2.9.5-cp310-cp310-macosx_10_15_x86_64.macosx_10_9_intel.macosx_10_9_x86_64.macosx_10_10_intel.macosx_10_10_x86_64.whl", hash = "sha256:0775d6252ccb22b15da3b5d7adbbf8cfe284916b14b6dc0ff503a23edb01ee85"},
    {url = "https://files.pythonhosted.org/packages/57/7b/b1ac969688a61e74de74c7c88c048439fdc6b4bcc5115af921a4909b399b/psycopg2_binary-2.9.5-cp36-cp36m-musllinux_1_1_x86_64.whl", hash = "sha256:95076399ec3b27a8f7fa1cc9a83417b1c920d55cf7a97f718a94efbb96c7f503"},
    {url = "https://files.pythonhosted.org/packages/5a/63/d5b569f5609526313322f0fcb46ab68b23ec6f111d21bcc6984ff9e59538/psycopg2_binary-2.9.5-cp36-cp36m-macosx_10_14_x86_64.macosx_10_9_intel.macosx_10_9_x86_64.macosx_10_10_intel.macosx_10_10_x86_64.whl", hash = "sha256:6e63814ec71db9bdb42905c925639f319c80e7909fb76c3b84edc79dadef8d60"},
    {url = "https://files.pythonhosted.org/packages/5c/26/5000a9f311162dc560aecc8c141bee498e061140c22b0a301a84bc5d0e0f/psycopg2_binary-2.9.5-cp310-cp310-musllinux_1_1_aarch64.whl", hash = "sha256:05b3d479425e047c848b9782cd7aac9c6727ce23181eb9647baf64ffdfc3da41"},
    {url = "https://files.pythonhosted.org/packages/60/2a/8f3aeb61deb24178fbeae54e3e1de19b52892e8f6709597572db1a28a5d6/psycopg2_binary-2.9.5-cp38-cp38-musllinux_1_1_aarch64.whl", hash = "sha256:a0adef094c49f242122bb145c3c8af442070dc0e4312db17e49058c1702606d4"},
    {url = "https://files.pythonhosted.org/packages/62/25/5b84c484aefa78f91366eea8b778de797681a5bc626b569555011874de58/psycopg2_binary-2.9.5-cp39-cp39-manylinux_2_17_x86_64.manylinux2014_x86_64.whl", hash = "sha256:e59137cdb970249ae60be2a49774c6dfb015bd0403f05af1fe61862e9626642d"},
    {url = "https://files.pythonhosted.org/packages/62/ed/2b7b8727677e2d4b5d53a962a2c9e11d7d141b9a5cb8681b37110d953341/psycopg2_binary-2.9.5-cp311-cp311-manylinux_2_24_ppc64le.whl", hash = "sha256:af0516e1711995cb08dc19bbd05bec7dbdebf4185f68870595156718d237df3e"},
    {url = "https://files.pythonhosted.org/packages/63/db/67c2a94c3d89c48a2a4efc2029f6dc082faa3bc3dd14de49346c126c9600/psycopg2_binary-2.9.5-cp39-cp39-macosx_11_0_arm64.whl", hash = "sha256:9c38d3869238e9d3409239bc05bc27d6b7c99c2a460ea337d2814b35fb4fea1b"},
    {url = "https://files.pythonhosted.org/packages/66/e7/4764b10034b1323d33758823883034c1347f6ebeaf2b45b60f076749d360/psycopg2_binary-2.9.5-cp311-cp311-musllinux_1_1_i686.whl", hash = "sha256:e67b3c26e9b6d37b370c83aa790bbc121775c57bfb096c2e77eacca25fd0233b"},
    {url = "https://files.pythonhosted.org/packages/67/8d/aab7e25dd2961eb355eb889e1a668cd49635243e9b9051ac5b2f5fb7a84f/psycopg2_binary-2.9.5-cp310-cp310-manylinux_2_24_aarch64.whl", hash = "sha256:5d28ecdf191db558d0c07d0f16524ee9d67896edf2b7990eea800abeb23ebd61"},
    {url = "https://files.pythonhosted.org/packages/71/00/bcdc61fb9c96f122fa8d1afb0608160b5b7fbba935ce8058e6b74520cade/psycopg2_binary-2.9.5-cp311-cp311-macosx_10_9_universal2.macosx_10_9_intel.macosx_10_9_x86_64.macosx_10_10_intel.macosx_10_10_x86_64.whl", hash = "sha256:426c2ae999135d64e6a18849a7d1ad0e1bd007277e4a8f4752eaa40a96b550ff"},
    {url = "https://files.pythonhosted.org/packages/72/29/e16ac3d2722f2a3bc20823e6acc30d9ad56136652cce1324502adf94da1f/psycopg2_binary-2.9.5-cp310-cp310-manylinux_2_17_x86_64.manylinux2014_x86_64.whl", hash = "sha256:5cbc554ba47ecca8cd3396ddaca85e1ecfe3e48dd57dc5e415e59551affe568e"},
    {url = "https://files.pythonhosted.org/packages/74/b6/2369924322c5e68a8f08ddb1402306bb4e1beaac01b1074214c49633be8f/psycopg2_binary-2.9.5-cp38-cp38-manylinux_2_24_aarch64.whl", hash = "sha256:215d6bf7e66732a514f47614f828d8c0aaac9a648c46a831955cb103473c7147"},
    {url = "https://files.pythonhosted.org/packages/89/ca/4eb68b87bb664a6f6c56b72ac876626c8c036b086892fb6cc803c8d38d2b/psycopg2_binary-2.9.5-cp311-cp311-win_amd64.whl", hash = "sha256:bef7e3f9dc6f0c13afdd671008534be5744e0e682fb851584c8c3a025ec09720"},
    {url = "https://files.pythonhosted.org/packages/8c/45/77147700f5088efaf9235a3a62b611b594d477a5c5613b5316d0ebd18be0/psycopg2-binary-2.9.5.tar.gz", hash = "sha256:33e632d0885b95a8b97165899006c40e9ecdc634a529dca7b991eb7de4ece41c"},
    {url = "https://files.pythonhosted.org/packages/8f/73/62fff943b8ee53f04e6220f397cb2c0e0ef0aaa2e6c023da25e277e72fd4/psycopg2_binary-2.9.5-cp38-cp38-musllinux_1_1_x86_64.whl", hash = "sha256:902844f9c4fb19b17dfa84d9e2ca053d4a4ba265723d62ea5c9c26b38e0aa1e6"},
    {url = "https://files.pythonhosted.org/packages/8f/c6/cc416da1edbeaf8e9c69eb811d4495920a6dc7fe71b689ce67db1e84bfce/psycopg2_binary-2.9.5-cp39-cp39-win32.whl", hash = "sha256:937880290775033a743f4836aa253087b85e62784b63fd099ee725d567a48aa1"},
    {url = "https://files.pythonhosted.org/packages/91/f2/556cc32bbf1271310a6cc74f3f2852b2b8dd3231789d942bda4f4625231e/psycopg2_binary-2.9.5-cp310-cp310-musllinux_1_1_x86_64.whl", hash = "sha256:46850a640df62ae940e34a163f72e26aca1f88e2da79148e1862faaac985c302"},
    {url = "https://files.pythonhosted.org/packages/92/a6/3b2ec55ce18f53ff04168ebbe959222ff79a3f6f48d907e4260afc750e9e/psycopg2_binary-2.9.5-cp36-cp36m-manylinux_2_17_x86_64.manylinux2014_x86_64.whl", hash = "sha256:6f8a9bcab7b6db2e3dbf65b214dfc795b4c6b3bb3af922901b6a67f7cb47d5f8"},
    {url = "https://files.pythonhosted.org/packages/95/d5/bbaf6ea0fb7d555e86656b67e03c7bf6506ef3fdfd73470e93ce7073db19/psycopg2_binary-2.9.5-cp310-cp310-musllinux_1_1_i686.whl", hash = "sha256:1e491e6489a6cb1d079df8eaa15957c277fdedb102b6a68cfbf40c4994412fd0"},
    {url = "https://files.pythonhosted.org/packages/9d/34/88a5c976dc5a22388bb309109d3adeeecaffd312b8dbdf8cf422a684554c/psycopg2_binary-2.9.5-cp38-cp38-manylinux_2_24_ppc64le.whl", hash = "sha256:7d07f552d1e412f4b4e64ce386d4c777a41da3b33f7098b6219012ba534fb2c2"},
    {url = "https://files.pythonhosted.org/packages/a9/b8/b42fc23d0975a2de7ef622f77499f383e115f8cf462e6089bf9989692ecf/psycopg2_binary-2.9.5-cp38-cp38-musllinux_1_1_i686.whl", hash = "sha256:00475004e5ed3e3bf5e056d66e5dcdf41a0dc62efcd57997acd9135c40a08a50"},
    {url = "https://files.pythonhosted.org/packages/b0/70/beb119c0d480313504fded833da2c3ba2cb51d026443245088d25d8f434d/psycopg2_binary-2.9.5-cp37-cp37m-musllinux_1_1_i686.whl", hash = "sha256:b911dfb727e247340d36ae20c4b9259e4a64013ab9888ccb3cbba69b77fd9636"},
    {url = "https://files.pythonhosted.org/packages/b0/82/27c5e2442ba10ab4f01de9c3bf2043581aa8e80e2f64fb64d9cc2eb847d6/psycopg2_binary-2.9.5-cp311-cp311-musllinux_1_1_aarch64.whl", hash = "sha256:e72c91bda9880f097c8aa3601a2c0de6c708763ba8128006151f496ca9065935"},
    {url = "https://files.pythonhosted.org/packages/b4/21/5d3781d9f58010c06cd460ed695773ccf22df37f280ca7658b97f9d675a6/psycopg2_binary-2.9.5-cp36-cp36m-musllinux_1_1_aarch64.whl", hash = "sha256:70831e03bd53702c941da1a1ad36c17d825a24fbb26857b40913d58df82ec18b"},
    {url = "https://files.pythonhosted.org/packages/b9/97/61d8794442b50456f3263ca263af9fde2a1fde93811b74fe0c5a9519f6ca/psycopg2_binary-2.9.5-cp311-cp311-manylinux_2_24_aarch64.whl", hash = "sha256:2ef892cabdccefe577088a79580301f09f2a713eb239f4f9f62b2b29cafb0577"},
    {url = "https://files.pythonhosted.org/packages/c7/4e/c94d534a29f17b4b54b5a7e4020e9e4dc51641a9cdce806323df68d0f5ca/psycopg2_binary-2.9.5-cp310-cp310-macosx_11_0_arm64.whl", hash = "sha256:2ec46ed947801652c9643e0b1dc334cfb2781232e375ba97312c2fc256597632"},
    {url = "https://files.pythonhosted.org/packages/ca/ab/f187f0b5a45510e253b673ea7ac014b3dec15ffa4b94ec3de3a25c4b8d93/psycopg2_binary-2.9.5-cp36-cp36m-win_amd64.whl", hash = "sha256:02551647542f2bf89073d129c73c05a25c372fc0a49aa50e0de65c3c143d8bd0"},
    {url = "https://files.pythonhosted.org/packages/ce/0b/71b366318c88ce6517561048b3310388c12cfe6bd038e3531cda9fe30327/psycopg2_binary-2.9.5-cp311-cp311-macosx_11_0_arm64.whl", hash = "sha256:7cf1d44e710ca3a9ce952bda2855830fe9f9017ed6259e01fcd71ea6287565f5"},
    {url = "https://files.pythonhosted.org/packages/d4/1e/1d0b8db7e81d37f418a3beef03101b6ef95ae425e0d810d424bfe4a54de3/psycopg2_binary-2.9.5-cp37-cp37m-macosx_10_15_x86_64.macosx_10_9_intel.macosx_10_9_x86_64.macosx_10_10_intel.macosx_10_10_x86_64.whl", hash = "sha256:63e318dbe52709ed10d516a356f22a635e07a2e34c68145484ed96a19b0c4c68"},
    {url = "https://files.pythonhosted.org/packages/d7/4a/96d3d343ba3d7f1408f091e43bc6265267b625421e1a4aa5f4ea210013e1/psycopg2_binary-2.9.5-cp39-cp39-manylinux_2_24_ppc64le.whl", hash = "sha256:b9a794cef1d9c1772b94a72eec6da144c18e18041d294a9ab47669bc77a80c1d"},
    {url = "https://files.pythonhosted.org/packages/d8/bd/e51a68ceb759bfbc556d94680c412701f625a54fb53cbb0a15286728477a/psycopg2_binary-2.9.5-cp36-cp36m-musllinux_1_1_ppc64le.whl", hash = "sha256:2d964eb24c8b021623df1c93c626671420c6efadbdb8655cb2bd5e0c6fa422ba"},
    {url = "https://files.pythonhosted.org/packages/db/c8/9f58d89b864f052a2e99cb3a9fd3e64c20984b1319b5d207eb629b4f9c40/psycopg2_binary-2.9.5-cp39-cp39-manylinux_2_17_i686.manylinux2014_i686.whl", hash = "sha256:5c6527c8efa5226a9e787507652dd5ba97b62d29b53c371a85cd13f957fe4d42"},
    {url = "https://files.pythonhosted.org/packages/dd/26/c5e3cae5201c47054374ad0448b3e6caf05e2ad0497a92a7eeb345cab542/psycopg2_binary-2.9.5-cp38-cp38-win_amd64.whl", hash = "sha256:a36a0e791805aa136e9cbd0ffa040d09adec8610453ee8a753f23481a0057af5"},
    {url = "https://files.pythonhosted.org/packages/e1/9b/da86cea11053996728cf473d02d63a2137a74834a0e93af4ee4c42c993ae/psycopg2_binary-2.9.5-cp311-cp311-manylinux_2_17_i686.manylinux2014_i686.whl", hash = "sha256:024030b13bdcbd53d8a93891a2cf07719715724fc9fee40243f3bd78b4264b8f"},
    {url = "https://files.pythonhosted.org/packages/e2/9b/9c9c6bb0cae3121fc6ca878cd78983c1a5c6f04a546b020602277619b038/psycopg2_binary-2.9.5-cp37-cp37m-musllinux_1_1_x86_64.whl", hash = "sha256:c5682a45df7d9642eff590abc73157c887a68f016df0a8ad722dcc0f888f56d7"},
    {url = "https://files.pythonhosted.org/packages/e3/57/7b776b14f68532be17659a20741f17457e0583c800ddcc3610270cec584c/psycopg2_binary-2.9.5-cp311-cp311-musllinux_1_1_x86_64.whl", hash = "sha256:d892bfa1d023c3781a3cab8dd5af76b626c483484d782e8bd047c180db590e4c"},
    {url = "https://files.pythonhosted.org/packages/e6/a9/00b93fee5384a6e0d5fef8fecc753c9729d1f911eea90f8628a4a6310855/psycopg2_binary-2.9.5-cp310-cp310-win_amd64.whl", hash = "sha256:1764546ffeaed4f9428707be61d68972eb5ede81239b46a45843e0071104d0dd"},
    {url = "https://files.pythonhosted.org/packages/ec/49/994bb699d45b4e0574e090f8a8175a9d4723a1d337d3ccb4ffd16c566c66/psycopg2_binary-2.9.5-cp37-cp37m-win_amd64.whl", hash = "sha256:7b3751857da3e224f5629400736a7b11e940b5da5f95fa631d86219a1beaafec"},
    {url = "https://files.pythonhosted.org/packages/ef/7d/884fbbb5f95dcbbe157a171efcf24be1e2dea84431db1635fc96ae8a5510/psycopg2_binary-2.9.5-cp36-cp36m-manylinux_2_24_aarch64.whl", hash = "sha256:56b2957a145f816726b109ee3d4e6822c23f919a7d91af5a94593723ed667835"},
    {url = "https://files.pythonhosted.org/packages/f1/39/6e2d51b2f35b4e272f9380797e1b838a1d2086f06414ea837f62a3505243/psycopg2_binary-2.9.5-cp39-cp39-musllinux_1_1_x86_64.whl", hash = "sha256:01ad49d68dd8c5362e4bfb4158f2896dc6e0c02e87b8a3770fc003459f1a4425"},
    {url = "https://files.pythonhosted.org/packages/f5/b8/1986524de64679b6daba88d25eecd1f042daaf8f9978b2113ba873f016c9/psycopg2_binary-2.9.5-cp37-cp37m-manylinux_2_17_x86_64.manylinux2014_x86_64.whl", hash = "sha256:b9d38a4656e4e715d637abdf7296e98d6267df0cc0a8e9a016f8ba07e4aa3eeb"},
    {url = "https://files.pythonhosted.org/packages/f8/85/753ba277da694031113c137c8cb0d58591754dd837f6134e87011201cbb0/psycopg2_binary-2.9.5-cp36-cp36m-manylinux_2_17_i686.manylinux2014_i686.whl", hash = "sha256:212757ffcecb3e1a5338d4e6761bf9c04f750e7d027117e74aa3cd8a75bb6fbd"},
    {url = "https://files.pythonhosted.org/packages/fa/52/ecd23580763212731eec723313ee3678484ed7de0d22214f6b70120aaa29/psycopg2_binary-2.9.5-cp311-cp311-musllinux_1_1_ppc64le.whl", hash = "sha256:5fc447058d083b8c6ac076fc26b446d44f0145308465d745fba93a28c14c9e32"},
    {url = "https://files.pythonhosted.org/packages/fa/88/e44363a9c68abfab4f596850636b4be496d479845877a507a73a651ef623/psycopg2_binary-2.9.5-cp39-cp39-macosx_10_15_x86_64.macosx_10_9_intel.macosx_10_9_x86_64.macosx_10_10_intel.macosx_10_10_x86_64.whl", hash = "sha256:25382c7d174c679ce6927c16b6fbb68b10e56ee44b1acb40671e02d29f2fce7c"},
    {url = "https://files.pythonhosted.org/packages/ff/43/8d0c3d17ccc43893ac6bc0bd4211facaa664fcb97a25524a6203f59dbaab/psycopg2_binary-2.9.5-cp38-cp38-macosx_11_0_arm64.whl", hash = "sha256:9ffdc51001136b699f9563b1c74cc1f8c07f66ef7219beb6417a4c8aaa896c28"},
    {url = "https://files.pythonhosted.org/packages/ff/e2/e82829bbf209d9fa4ca5df95b244eab30ee170d6c3ba2bf8f0a8a02c64bf/psycopg2_binary-2.9.5-cp39-cp39-musllinux_1_1_i686.whl", hash = "sha256:c5e65c6ac0ae4bf5bef1667029f81010b6017795dcb817ba5c7b8a8d61fab76f"},
]
"pyjwt 2.6.0" = [
    {url = "https://files.pythonhosted.org/packages/40/46/505f0dd53c14096f01922bf93a7abb4e40e29a06f858abbaa791e6954324/PyJWT-2.6.0-py3-none-any.whl", hash = "sha256:d83c3d892a77bbb74d3e1a2cfa90afaadb60945205d1095d9221f04466f64c14"},
    {url = "https://files.pythonhosted.org/packages/75/65/db64904a7f23e12dbf0565b53de01db04d848a497c6c9b87e102f74c9304/PyJWT-2.6.0.tar.gz", hash = "sha256:69285c7e31fc44f68a1feb309e948e0df53259d579295e6cfe2b1792329f05fd"},
]
"python-dateutil 2.8.2" = [
    {url = "https://files.pythonhosted.org/packages/36/7a/87837f39d0296e723bb9b62bbb257d0355c7f6128853c78955f57342a56d/python_dateutil-2.8.2-py2.py3-none-any.whl", hash = "sha256:961d03dc3453ebbc59dbdea9e4e11c5651520a876d0f4db161e8674aae935da9"},
    {url = "https://files.pythonhosted.org/packages/4c/c4/13b4776ea2d76c115c1d1b84579f3764ee6d57204f6be27119f13a61d0a9/python-dateutil-2.8.2.tar.gz", hash = "sha256:0123cacc1627ae19ddf3c27a5de5bd67ee4586fbdd6440d9748f8abb483d3e86"},
]
"pytz 2022.2.1" = [
    {url = "https://files.pythonhosted.org/packages/24/0c/401283bb1499768e33ddd2e1a35817c775405c1f047a9dc088a29ce2ea5d/pytz-2022.2.1.tar.gz", hash = "sha256:cea221417204f2d1a2aa03ddae3e867921971d0d76f14d87abb4414415bbdcf5"},
    {url = "https://files.pythonhosted.org/packages/d5/50/54451e88e3da4616286029a3a17fc377de817f66a0f50e1faaee90161724/pytz-2022.2.1-py2.py3-none-any.whl", hash = "sha256:220f481bdafa09c3955dfbdddb7b57780e9a94f5127e35456a48589b9e0c0197"},
]
"pytzdata 2020.1" = [
    {url = "https://files.pythonhosted.org/packages/67/62/4c25435a7c2f9c7aef6800862d6c227fc4cd81e9f0beebc5549a49c8ed53/pytzdata-2020.1.tar.gz", hash = "sha256:3efa13b335a00a8de1d345ae41ec78dd11c9f8807f522d39850f2dd828681540"},
    {url = "https://files.pythonhosted.org/packages/e0/4f/4474bda990ee740a020cbc3eb271925ef7daa7c8444240d34ff62c8442a3/pytzdata-2020.1-py2.py3-none-any.whl", hash = "sha256:e1e14750bcf95016381e4d472bad004eef710f2d6417240904070b3d6654485f"},
]
"redis 4.5.1" = [
    {url = "https://files.pythonhosted.org/packages/06/b5/328851ee54bbf00cc609671a658e0420d88aa2b4f5ace7aa669932d59a0e/redis-4.5.1-py3-none-any.whl", hash = "sha256:5deb072d26e67d2be1712603bfb7947ec3431fb0eec9c578994052e33035af6d"},
    {url = "https://files.pythonhosted.org/packages/44/f4/6e22050869494f304c8f55341f45e68664c1da75d608a02832c70be96f6a/redis-4.5.1.tar.gz", hash = "sha256:1eec3741cda408d3a5f84b78d089c8b8d895f21b3b050988351e925faf202864"},
]
"requests 2.28.1" = [
    {url = "https://files.pythonhosted.org/packages/a5/61/a867851fd5ab77277495a8709ddda0861b28163c4613b011bc00228cc724/requests-2.28.1.tar.gz", hash = "sha256:7c5599b102feddaa661c826c56ab4fee28bfd17f5abca1ebbe3e7f19d7c97983"},
    {url = "https://files.pythonhosted.org/packages/ca/91/6d9b8ccacd0412c08820f72cebaa4f0c0441b5cda699c90f618b6f8a1b42/requests-2.28.1-py3-none-any.whl", hash = "sha256:8fefa2a1a1365bf5520aac41836fbee479da67864514bdb821f31ce07ce65349"},
]
"schedule 1.1.0" = [
    {url = "https://files.pythonhosted.org/packages/a8/b5/a291a4c0faa491fd5baefa6d89011ece581cff47b23c0a39b42a63383358/schedule-1.1.0.tar.gz", hash = "sha256:e6ca13585e62c810e13a08682e0a6a8ad245372e376ba2b8679294f377dfc8e4"},
    {url = "https://files.pythonhosted.org/packages/eb/3b/040bd180eaef427dd160562ee66adc9f4f67088185c272edcdb899c609c7/schedule-1.1.0-py2.py3-none-any.whl", hash = "sha256:617adce8b4bf38c360b781297d59918fbebfb2878f1671d189f4f4af5d0567a4"},
]
"sentry-sdk 1.16.0" = [
    {url = "https://files.pythonhosted.org/packages/e4/03/4a3e03619eb41b4d9028d377869cc29a5a2095975ca9e8d9b64cb87e1450/sentry_sdk-1.16.0-py2.py3-none-any.whl", hash = "sha256:633edefead34d976ff22e7edc367cdf57768e24bc714615ccae746d9d91795ae"},
    {url = "https://files.pythonhosted.org/packages/f7/37/24df9417889d23334c4646c2015c602f5194101426d6381ebd2453940e7c/sentry-sdk-1.16.0.tar.gz", hash = "sha256:a900845bd78c263d49695d48ce78a4bce1030bbd917e0b6cc021fc000c901113"},
]
"setuptools 65.6.3" = [
    {url = "https://files.pythonhosted.org/packages/b6/21/cb9a8d0b2c8597c83fce8e9c02884bce3d4951e41e807fc35791c6b23d9a/setuptools-65.6.3.tar.gz", hash = "sha256:a7620757bf984b58deaf32fc8a4577a9bbc0850cf92c20e1ce41c38c19e5fb75"},
    {url = "https://files.pythonhosted.org/packages/ef/e3/29d6e1a07e8d90ace4a522d9689d03e833b67b50d1588e693eec15f26251/setuptools-65.6.3-py3-none-any.whl", hash = "sha256:57f6f22bde4e042978bcd50176fdb381d7c21a9efa4041202288d3737a0c6a54"},
]
"six 1.16.0" = [
    {url = "https://files.pythonhosted.org/packages/71/39/171f1c67cd00715f190ba0b100d606d440a28c93c7714febeca8b79af85e/six-1.16.0.tar.gz", hash = "sha256:1e61c37477a1626458e36f7b1d82aa5c9b094fa4802892072e49de9c60c4c926"},
    {url = "https://files.pythonhosted.org/packages/d9/5a/e7c31adbe875f2abbb91bd84cf2dc52d792b5a01506781dbcf25c91daf11/six-1.16.0-py2.py3-none-any.whl", hash = "sha256:8abb2f1d86890a2dfb989f9a77cfcfd3e47c2a354b01111771326f8aa26e0254"},
]
"sqlparse 0.4.2" = [
    {url = "https://files.pythonhosted.org/packages/05/40/d836d55fb3f467243ee839ab7b814822fda522cd395fa41e282684e71ee5/sqlparse-0.4.2-py3-none-any.whl", hash = "sha256:48719e356bb8b42991bdbb1e8b83223757b93789c00910a616a071910ca4a64d"},
    {url = "https://files.pythonhosted.org/packages/32/fe/8a8575debfd924c8160295686a7ea661107fc34d831429cce212b6442edb/sqlparse-0.4.2.tar.gz", hash = "sha256:0c00730c74263a94e5a9919ade150dfc3b19c574389985446148402998287dae"},
]
"stripe 5.2.0" = [
    {url = "https://files.pythonhosted.org/packages/a0/5e/08f6ed4a1ebc17141c987e986c733707dca005bdd23112627690b3214e3c/stripe-5.2.0.tar.gz", hash = "sha256:a4372b9daf8312d82369aaa64997297a6f046bc07ca09f75d79f5ac80933b414"},
    {url = "https://files.pythonhosted.org/packages/b8/e1/b5f226d689fee1993743f41224273996d5153185b15b4f860cb7b695ba5a/stripe-5.2.0-py2.py3-none-any.whl", hash = "sha256:948482df33c5dc417097bb00c13f8b326f815ef5d1a21d84e697eb53ec5df9fd"},
]
"tzdata 2022.2" = [
    {url = "https://files.pythonhosted.org/packages/3e/eb/a00286433c739bb1a0d83a069b2dc379a5d14b0b9c927e3cb00cb434d740/tzdata-2022.2.tar.gz", hash = "sha256:21f4f0d7241572efa7f7a4fdabb052e61b55dc48274e6842697ccdf5253e5451"},
    {url = "https://files.pythonhosted.org/packages/71/9b/8b9fea4f4dc956de76baa291cec1c864a8edadf2950d1740bc386d7fe55a/tzdata-2022.2-py2.py3-none-any.whl", hash = "sha256:c3119520447d68ef3eb8187a55a4f44fa455f30eb1b4238fa5691ba094f2b05b"},
]
"urllib3 1.26.13" = [
    {url = "https://files.pythonhosted.org/packages/65/0c/cc6644eaa594585e5875f46f3c83ee8762b647b51fc5b0fb253a242df2dc/urllib3-1.26.13-py2.py3-none-any.whl", hash = "sha256:47cc05d99aaa09c9e72ed5809b60e7ba354e64b59c9c173ac3018642d8bb41fc"},
    {url = "https://files.pythonhosted.org/packages/c2/51/32da03cf19d17d46cce5c731967bf58de9bd71db3a379932f53b094deda4/urllib3-1.26.13.tar.gz", hash = "sha256:c083dd0dce68dbfbe1129d5271cb90f9447dea7d52097c6e0126120c521ddea8"},
]
"whitenoise 6.4.0" = [
    {url = "https://files.pythonhosted.org/packages/4d/25/03924d8387e91b44e88abfa16e8d0d197b04dbf7cce2e53b9ecccc5792bf/whitenoise-6.4.0-py3-none-any.whl", hash = "sha256:599dc6ca57e48929dfeffb2e8e187879bfe2aed0d49ca419577005b7f2cc930b"},
    {url = "https://files.pythonhosted.org/packages/77/76/3e0c97bf1b842c738d46049be09f2a1f0d7267b0fc9739968529e3c58a6c/whitenoise-6.4.0.tar.gz", hash = "sha256:a02d6660ad161ff17e3042653c8e3f5ecbb2a2481a006bde125b9efb9a30113a"},
]
"win32-setctime 1.1.0" = [
    {url = "https://files.pythonhosted.org/packages/0a/e6/a7d828fef907843b2a5773ebff47fb79ac0c1c88d60c0ca9530ee941e248/win32_setctime-1.1.0-py3-none-any.whl", hash = "sha256:231db239e959c2fe7eb1d7dc129f11172354f98361c4fa2d6d2d7e278baa8aad"},
    {url = "https://files.pythonhosted.org/packages/6b/dd/f95a13d2b235a28d613ba23ebad55191514550debb968b46aab99f2e3a30/win32_setctime-1.1.0.tar.gz", hash = "sha256:15cf5750465118d6929ae4de4eb46e8edae9a5634350c01ba582df868e932cb2"},
]
